<?xml version="1.0" encoding="utf-8"?>
<Project ToolsVersion="4.0" xmlns="http://schemas.microsoft.com/developer/msbuild/2003">
  <ItemGroup>
    <Filter Include="LaTeX Files">
      <UniqueIdentifier>{07f36035-f76a-4fe2-ba00-fff22ea66c71}</UniqueIdentifier>
      <Extensions>*.tex</Extensions>
    </Filter>
  </ItemGroup>
  <ItemGroup>
    <CustomBuild Include="cflow.tex">
      <Filter>LaTeX Files</Filter>
    </CustomBuild>
    <CustomBuild Include="cflowlua.tex">
      <Filter>LaTeX Files</Filter>
    </CustomBuild>
    <CustomBuild Include="eleclua.tex">
      <Filter>LaTeX Files</Filter>
    </CustomBuild>
    <CustomBuild Include="heatflow.tex">
      <Filter>LaTeX Files</Filter>
    </CustomBuild>
    <CustomBuild Include="heatlua.tex">
      <Filter>LaTeX Files</Filter>
    </CustomBuild>
    <CustomBuild Include="magnlua.tex">
      <Filter>LaTeX Files</Filter>
    </CustomBuild>
    <CustomBuild Include="manual.tex">
      <Filter>LaTeX Files</Filter>
    </CustomBuild>
    <CustomBuild Include="mathematica.tex">
      <Filter>LaTeX Files</Filter>
    </CustomBuild>
  </ItemGroup>
</Project>